
Microsoft Visual Studio Solution File, Format Version 12.00
Project("{FAE04EC0-301F-11D3-BF4B-00C04F79EFBC}") = "AlgoDes3", "AlgoDes3\AlgoDes3.csproj", "{5DEAB0D9-4970-40DF-B5C9-39A888E57FE0}"
EndProject
Global
	GlobalSection(SolutionConfigurationPlatforms) = preSolution
		Debug|Any CPU = Debug|Any CPU
		Release|Any CPU = Release|Any CPU
	EndGlobalSection
	GlobalSection(ProjectConfigurationPlatforms) = postSolution
		{5DEAB0D9-4970-40DF-B5C9-39A888E57FE0}.Debug|Any CPU.ActiveCfg = Debug|Any CPU
		{5DEAB0D9-4970-40DF-B5C9-39A888E57FE0}.Debug|Any CPU.Build.0 = Debug|Any CPU
		{5DEAB0D9-4970-40DF-B5C9-39A888E57FE0}.Release|Any CPU.ActiveCfg = Release|Any CPU
		{5DEAB0D9-4970-40DF-B5C9-39A888E57FE0}.Release|Any CPU.Build.0 = Release|Any CPU
	EndGlobalSection
EndGlobal
